
Microsoft Visual Studio Solution File, Format Version 12.00
# Visual Studio Version 17
VisualStudioVersion = 17.11.35219.272
MinimumVisualStudioVersion = 10.0.40219.1
Project("{FAE04EC0-301F-11D3-BF4B-00C04F79EFBC}") = "MinimalAPI", "MinimalAPI\MinimalAPI.csproj", "{A6868DD3-792C-4B7E-AEB2-ACEEE440E8CD}"
EndProject
Global
	GlobalSection(SolutionConfigurationPlatforms) = preSolution
		Debug|Any CPU = Debug|Any CPU
		Release|Any CPU = Release|Any CPU
	EndGlobalSection
	GlobalSection(ProjectConfigurationPlatforms) = postSolution
		{A6868DD3-792C-4B7E-AEB2-ACEEE440E8CD}.Debug|Any CPU.ActiveCfg = Debug|Any CPU
		{A6868DD3-792C-4B7E-AEB2-ACEEE440E8CD}.Debug|Any CPU.Build.0 = Debug|Any CPU
		{A6868DD3-792C-4B7E-AEB2-ACEEE440E8CD}.Release|Any CPU.ActiveCfg = Release|Any CPU
		{A6868DD3-792C-4B7E-AEB2-ACEEE440E8CD}.Release|Any CPU.Build.0 = Release|Any CPU
	EndGlobalSection
	GlobalSection(SolutionProperties) = preSolution
		HideSolutionNode = FALSE
	EndGlobalSection
	GlobalSection(ExtensibilityGlobals) = postSolution
		SolutionGuid = {2893AE6D-E3D3-4F99-BED3-DADB9505D035}
	EndGlobalSection
EndGlobal
